
Microsoft Visual Studio Solution File, Format Version 12.00
# Visual Studio Version 17
VisualStudioVersion = 17.14.36623.8 d17.14
MinimumVisualStudioVersion = 10.0.40219.1
Project("{FAE04EC0-301F-11D3-BF4B-00C04F79EFBC}") = "Making Classes Lesson", "Making Classes Lesson\Making Classes Lesson.csproj", "{5208A102-C0C7-48CC-90E6-41B026EAA743}"
EndProject
Global
	GlobalSection(SolutionConfigurationPlatforms) = preSolution
		Debug|Any CPU = Debug|Any CPU
		Release|Any CPU = Release|Any CPU
	EndGlobalSection
	GlobalSection(ProjectConfigurationPlatforms) = postSolution
		{5208A102-C0C7-48CC-90E6-41B026EAA743}.Debug|Any CPU.ActiveCfg = Debug|Any CPU
		{5208A102-C0C7-48CC-90E6-41B026EAA743}.Debug|Any CPU.Build.0 = Debug|Any CPU
		{5208A102-C0C7-48CC-90E6-41B026EAA743}.Release|Any CPU.ActiveCfg = Release|Any CPU
		{5208A102-C0C7-48CC-90E6-41B026EAA743}.Release|Any CPU.Build.0 = Release|Any CPU
	EndGlobalSection
	GlobalSection(SolutionProperties) = preSolution
		HideSolutionNode = FALSE
	EndGlobalSection
	GlobalSection(ExtensibilityGlobals) = postSolution
		SolutionGuid = {DC28CFA9-442D-4C1D-8A21-331B24DF6D31}
	EndGlobalSection
EndGlobal
